PODS:
  - CodableClient (1.0.0)
  - EasyLoader (1.0.0)
  - LibraryDebug (1.0.0):
    - LibraryService
    - LibrarySwiftExtensions
  - LibraryService (1.0.0):
    - CodableClient
  - LibrarySwiftExtensions (1.0.0)
  - LibraryUIKitExtensions (1.0.0):
    - LibrarySwiftExtensions

DEPENDENCIES:
  - CodableClient (from `./LibraryDevelopmentPods/CodableClient/`)
  - EasyLoader (from `./LibraryDevelopmentPods/EasyLoader/`)
  - LibraryDebug (from `./LibraryDevelopmentPods/LibraryDebug/`)
  - LibraryService (from `./LibraryDevelopmentPods/LibraryService/`)
  - LibrarySwiftExtensions (from `./LibraryDevelopmentPods/LibrarySwiftExtensions/`)
  - LibraryUIKitExtensions (from `./LibraryDevelopmentPods/LibraryUIKitExtensions/`)

EXTERNAL SOURCES:
  CodableClient:
    :path: "./LibraryDevelopmentPods/CodableClient/"
  EasyLoader:
    :path: "./LibraryDevelopmentPods/EasyLoader/"
  LibraryDebug:
    :path: "./LibraryDevelopmentPods/LibraryDebug/"
  LibraryService:
    :path: "./LibraryDevelopmentPods/LibraryService/"
  LibrarySwiftExtensions:
    :path: "./LibraryDevelopmentPods/LibrarySwiftExtensions/"
  LibraryUIKitExtensions:
    :path: "./LibraryDevelopmentPods/LibraryUIKitExtensions/"

SPEC CHECKSUMS:
  CodableClient: 531f13a5db7784b2f9d3b63e35aea1756e582c00
  EasyLoader: 307f72c58add23a90d922ae73a300f8b6b6f50ad
  LibraryDebug: 772a70359af4502acbfbc98aea30d592d5f7a18a
  LibraryService: 9a2c7b8073fa491a469cf65d754007ab25fb66e7
  LibrarySwiftExtensions: e86fad6ce8d9abc80c7415696d84c7f472e92e3e
  LibraryUIKitExtensions: a264bc675337f9d55e72ff83e4c4e2f8a591f69b

PODFILE CHECKSUM: 817baba46fb3003c7c02b8c9e4cf27278ff9a912

COCOAPODS: 1.5.3
