// !$*UTF8*$!
{
	archiveVersion = 1;
	classes = {
	};
	objectVersion = 50;
	objects = {

/* Begin PBXBuildFile section */
		2732B80520895145009576E3 /* BookTests.swift in Sources */ = {isa = PBXBuildFile; fileRef = 2732B80420895145009576E3 /* BookTests.swift */; };
		2732B80F208A6246009576E3 /* Settings.bundle in Resources */ = {isa = PBXBuildFile; fileRef = 2732B80E208A6246009576E3 /* Settings.bundle */; };
		2732B811208A628E009576E3 /* UserDefaultsExtensions.swift in Sources */ = {isa = PBXBuildFile; fileRef = 2732B810208A628E009576E3 /* UserDefaultsExtensions.swift */; };
		2732B830208ABD09009576E3 /* InfoPlist.strings in Resources */ = {isa = PBXBuildFile; fileRef = 2732B82E208ABD09009576E3 /* InfoPlist.strings */; };
		27483C5F2088285700EC1853 /* AppDelegate.swift in Sources */ = {isa = PBXBuildFile; fileRef = 27483C5E2088285700EC1853 /* AppDelegate.swift */; };
		27483C642088285700EC1853 /* Main.storyboard in Resources */ = {isa = PBXBuildFile; fileRef = 27483C622088285700EC1853 /* Main.storyboard */; };
		27483C662088285800EC1853 /* Assets.xcassets in Resources */ = {isa = PBXBuildFile; fileRef = 27483C652088285800EC1853 /* Assets.xcassets */; };
		27483C692088285800EC1853 /* LaunchScreen.storyboard in Resources */ = {isa = PBXBuildFile; fileRef = 27483C672088285800EC1853 /* LaunchScreen.storyboard */; };
		27483C742088285800EC1853 /* LibraryClientTests.swift in Sources */ = {isa = PBXBuildFile; fileRef = 27483C732088285800EC1853 /* LibraryClientTests.swift */; };
		278DD174211E1554007B55C5 /* AppDelegate.swift in Sources */ = {isa = PBXBuildFile; fileRef = 278DD173211E1554007B55C5 /* AppDelegate.swift */; };
		278DD176211E1554007B55C5 /* ViewController.swift in Sources */ = {isa = PBXBuildFile; fileRef = 278DD175211E1554007B55C5 /* ViewController.swift */; };
		278DD178211E1556007B55C5 /* Assets.xcassets in Resources */ = {isa = PBXBuildFile; fileRef = 278DD177211E1556007B55C5 /* Assets.xcassets */; };
		278DD17B211E1556007B55C5 /* Main.storyboard in Resources */ = {isa = PBXBuildFile; fileRef = 278DD179211E1556007B55C5 /* Main.storyboard */; };
		27B47CF1208918C000787334 /* BooksViewController.swift in Sources */ = {isa = PBXBuildFile; fileRef = 27B47CF0208918C000787334 /* BooksViewController.swift */; };
		27B47CF3208918CD00787334 /* BookEditorViewController.swift in Sources */ = {isa = PBXBuildFile; fileRef = 27B47CF2208918CD00787334 /* BookEditorViewController.swift */; };
		27B47CF5208918D900787334 /* BookDetailViewController.swift in Sources */ = {isa = PBXBuildFile; fileRef = 27B47CF4208918D900787334 /* BookDetailViewController.swift */; };
		27B47D0020894B6C00787334 /* PrimarySplitViewController.swift in Sources */ = {isa = PBXBuildFile; fileRef = 27B47CFF20894B6C00787334 /* PrimarySplitViewController.swift */; };
		386DA90C7BF2FD4C45B88CE2 /* Pods_Library.framework in Frameworks */ = {isa = PBXBuildFile; fileRef = 9D3D40C3B1A855E73C7C66D7 /* Pods_Library.framework */; };
		8969DBAC988CBEFF12E5C42B /* libPods-Library for Mac.a in Frameworks */ = {isa = PBXBuildFile; fileRef = F7A0292E89F3B7EAC2E268B1 /* libPods-Library for Mac.a */; };
		F03D22CA660535D964CA4111 /* Pods_LibraryTests.framework in Frameworks */ = {isa = PBXBuildFile; fileRef = 2B35AC1DFB330E85CB806C59 /* Pods_LibraryTests.framework */; };
/* End PBXBuildFile section */

/* Begin PBXContainerItemProxy section */
		27483C702088285800EC1853 /* PBXContainerItemProxy */ = {
			isa = PBXContainerItemProxy;
			containerPortal = 27483C532088285700EC1853 /* Project object */;
			proxyType = 1;
			remoteGlobalIDString = 27483C5A2088285700EC1853;
			remoteInfo = Library;
		};
/* End PBXContainerItemProxy section */

/* Begin PBXFileReference section */
		075F1F6F3115FE1205163D8A /* Pods-Library for Mac.release.xcconfig */ = {isa = PBXFileReference; includeInIndex = 1; lastKnownFileType = text.xcconfig; name = "Pods-Library for Mac.release.xcconfig"; path = "Pods/Target Support Files/Pods-Library for Mac/Pods-Library for Mac.release.xcconfig"; sourceTree = "<group>"; };
		117B39D1B8FF681F7CD5492E /* Pods-Library.release.xcconfig */ = {isa = PBXFileReference; includeInIndex = 1; lastKnownFileType = text.xcconfig; name = "Pods-Library.release.xcconfig"; path = "Pods/Target Support Files/Pods-Library/Pods-Library.release.xcconfig"; sourceTree = "<group>"; };
		2732B80420895145009576E3 /* BookTests.swift */ = {isa = PBXFileReference; lastKnownFileType = sourcecode.swift; path = BookTests.swift; sourceTree = "<group>"; };
		2732B80E208A6246009576E3 /* Settings.bundle */ = {isa = PBXFileReference; lastKnownFileType = "wrapper.plug-in"; path = Settings.bundle; sourceTree = "<group>"; };
		2732B810208A628E009576E3 /* UserDefaultsExtensions.swift */ = {isa = PBXFileReference; lastKnownFileType = sourcecode.swift; path = UserDefaultsExtensions.swift; sourceTree = "<group>"; };
		2732B825208AB82C009576E3 /* fr */ = {isa = PBXFileReference; lastKnownFileType = text.plist.strings; name = fr; path = fr.lproj/Main.strings; sourceTree = "<group>"; };
		2732B826208AB82C009576E3 /* fr */ = {isa = PBXFileReference; lastKnownFileType = text.plist.strings; name = fr; path = fr.lproj/LaunchScreen.strings; sourceTree = "<group>"; };
		2732B82F208ABD09009576E3 /* fr */ = {isa = PBXFileReference; lastKnownFileType = text.plist.strings; name = fr; path = fr.lproj/InfoPlist.strings; sourceTree = "<group>"; };
		27483C5B2088285700EC1853 /* Library.app */ = {isa = PBXFileReference; explicitFileType = wrapper.application; includeInIndex = 0; path = Library.app; sourceTree = BUILT_PRODUCTS_DIR; };
		27483C5E2088285700EC1853 /* AppDelegate.swift */ = {isa = PBXFileReference; lastKnownFileType = sourcecode.swift; path = AppDelegate.swift; sourceTree = "<group>"; };
		27483C632088285700EC1853 /* Base */ = {isa = PBXFileReference; lastKnownFileType = file.storyboard; name = Base; path = Base.lproj/Main.storyboard; sourceTree = "<group>"; };
		27483C652088285800EC1853 /* Assets.xcassets */ = {isa = PBXFileReference; lastKnownFileType = folder.assetcatalog; path = Assets.xcassets; sourceTree = "<group>"; };
		27483C682088285800EC1853 /* Base */ = {isa = PBXFileReference; lastKnownFileType = file.storyboard; name = Base; path = Base.lproj/LaunchScreen.storyboard; sourceTree = "<group>"; };
		27483C6A2088285800EC1853 /* Info.plist */ = {isa = PBXFileReference; lastKnownFileType = text.plist.xml; path = Info.plist; sourceTree = "<group>"; };
		27483C6F2088285800EC1853 /* LibraryTests.xctest */ = {isa = PBXFileReference; explicitFileType = wrapper.cfbundle; includeInIndex = 0; path = LibraryTests.xctest; sourceTree = BUILT_PRODUCTS_DIR; };
		27483C732088285800EC1853 /* LibraryClientTests.swift */ = {isa = PBXFileReference; lastKnownFileType = sourcecode.swift; path = LibraryClientTests.swift; sourceTree = "<group>"; };
		27483C752088285900EC1853 /* Info.plist */ = {isa = PBXFileReference; lastKnownFileType = text.plist.xml; path = Info.plist; sourceTree = "<group>"; };
		278DD171211E1554007B55C5 /* Library for Mac.app */ = {isa = PBXFileReference; explicitFileType = wrapper.application; includeInIndex = 0; path = "Library for Mac.app"; sourceTree = BUILT_PRODUCTS_DIR; };
		278DD173211E1554007B55C5 /* AppDelegate.swift */ = {isa = PBXFileReference; lastKnownFileType = sourcecode.swift; path = AppDelegate.swift; sourceTree = "<group>"; };
		278DD175211E1554007B55C5 /* ViewController.swift */ = {isa = PBXFileReference; lastKnownFileType = sourcecode.swift; path = ViewController.swift; sourceTree = "<group>"; };
		278DD177211E1556007B55C5 /* Assets.xcassets */ = {isa = PBXFileReference; lastKnownFileType = folder.assetcatalog; path = Assets.xcassets; sourceTree = "<group>"; };
		278DD17A211E1556007B55C5 /* Base */ = {isa = PBXFileReference; lastKnownFileType = file.storyboard; name = Base; path = Base.lproj/Main.storyboard; sourceTree = "<group>"; };
		278DD17C211E1556007B55C5 /* Info.plist */ = {isa = PBXFileReference; lastKnownFileType = text.plist.xml; path = Info.plist; sourceTree = "<group>"; };
		278DD17D211E1556007B55C5 /* Library_for_Mac.entitlements */ = {isa = PBXFileReference; lastKnownFileType = text.plist.entitlements; path = Library_for_Mac.entitlements; sourceTree = "<group>"; };
		278DD181211E155F007B55C5 /* Library for Mac.entitlements */ = {isa = PBXFileReference; lastKnownFileType = text.plist.entitlements; path = "Library for Mac.entitlements"; sourceTree = "<group>"; };
		27B47CF0208918C000787334 /* BooksViewController.swift */ = {isa = PBXFileReference; lastKnownFileType = sourcecode.swift; path = BooksViewController.swift; sourceTree = "<group>"; };
		27B47CF2208918CD00787334 /* BookEditorViewController.swift */ = {isa = PBXFileReference; lastKnownFileType = sourcecode.swift; path = BookEditorViewController.swift; sourceTree = "<group>"; };
		27B47CF4208918D900787334 /* BookDetailViewController.swift */ = {isa = PBXFileReference; lastKnownFileType = sourcecode.swift; path = BookDetailViewController.swift; sourceTree = "<group>"; };
		27B47CFF20894B6C00787334 /* PrimarySplitViewController.swift */ = {isa = PBXFileReference; lastKnownFileType = sourcecode.swift; path = PrimarySplitViewController.swift; sourceTree = "<group>"; };
		2B35AC1DFB330E85CB806C59 /* Pods_LibraryTests.framework */ = {isa = PBXFileReference; explicitFileType = wrapper.framework; includeInIndex = 0; path = Pods_LibraryTests.framework; sourceTree = BUILT_PRODUCTS_DIR; };
		86F343638EFF51151E19904E /* Pods-LibraryTests.debug.xcconfig */ = {isa = PBXFileReference; includeInIndex = 1; lastKnownFileType = text.xcconfig; name = "Pods-LibraryTests.debug.xcconfig"; path = "Pods/Target Support Files/Pods-LibraryTests/Pods-LibraryTests.debug.xcconfig"; sourceTree = "<group>"; };
		8CA170B5D21FC15B691590E3 /* Pods-Library.debug.xcconfig */ = {isa = PBXFileReference; includeInIndex = 1; lastKnownFileType = text.xcconfig; name = "Pods-Library.debug.xcconfig"; path = "Pods/Target Support Files/Pods-Library/Pods-Library.debug.xcconfig"; sourceTree = "<group>"; };
		9D3D40C3B1A855E73C7C66D7 /* Pods_Library.framework */ = {isa = PBXFileReference; explicitFileType = wrapper.framework; includeInIndex = 0; path = Pods_Library.framework; sourceTree = BUILT_PRODUCTS_DIR; };
		B9D0CFC4EBE35F0AC80999EA /* Pods-LibraryTests.release.xcconfig */ = {isa = PBXFileReference; includeInIndex = 1; lastKnownFileType = text.xcconfig; name = "Pods-LibraryTests.release.xcconfig"; path = "Pods/Target Support Files/Pods-LibraryTests/Pods-LibraryTests.release.xcconfig"; sourceTree = "<group>"; };
		F35BC6F7DAEAFB42C36D431A /* Pods-Library for Mac.debug.xcconfig */ = {isa = PBXFileReference; includeInIndex = 1; lastKnownFileType = text.xcconfig; name = "Pods-Library for Mac.debug.xcconfig"; path = "Pods/Target Support Files/Pods-Library for Mac/Pods-Library for Mac.debug.xcconfig"; sourceTree = "<group>"; };
		F7A0292E89F3B7EAC2E268B1 /* libPods-Library for Mac.a */ = {isa = PBXFileReference; explicitFileType = archive.ar; includeInIndex = 0; path = "libPods-Library for Mac.a"; sourceTree = BUILT_PRODUCTS_DIR; };
/* End PBXFileReference section */

/* Begin PBXFrameworksBuildPhase section */
		27483C582088285700EC1853 /* Frameworks */ = {
			isa = PBXFrameworksBuildPhase;
			buildActionMask = 2147483647;
			files = (
				386DA90C7BF2FD4C45B88CE2 /* Pods_Library.framework in Frameworks */,
			);
			runOnlyForDeploymentPostprocessing = 0;
		};
		27483C6C2088285800EC1853 /* Frameworks */ = {
			isa = PBXFrameworksBuildPhase;
			buildActionMask = 2147483647;
			files = (
				F03D22CA660535D964CA4111 /* Pods_LibraryTests.framework in Frameworks */,
			);
			runOnlyForDeploymentPostprocessing = 0;
		};
		278DD16E211E1554007B55C5 /* Frameworks */ = {
			isa = PBXFrameworksBuildPhase;
			buildActionMask = 2147483647;
			files = (
				8969DBAC988CBEFF12E5C42B /* libPods-Library for Mac.a in Frameworks */,
			);
			runOnlyForDeploymentPostprocessing = 0;
		};
/* End PBXFrameworksBuildPhase section */

/* Begin PBXGroup section */
		2732B822208AB5C2009576E3 /* Utilities */ = {
			isa = PBXGroup;
			children = (
				27B47CFF20894B6C00787334 /* PrimarySplitViewController.swift */,
				2732B810208A628E009576E3 /* UserDefaultsExtensions.swift */,
			);
			path = Utilities;
			sourceTree = "<group>";
		};
		2732B834208ABE14009576E3 /* Resources */ = {
			isa = PBXGroup;
			children = (
				27483C652088285800EC1853 /* Assets.xcassets */,
				2732B80E208A6246009576E3 /* Settings.bundle */,
				2732B82E208ABD09009576E3 /* InfoPlist.strings */,
			);
			path = Resources;
			sourceTree = "<group>";
		};
		27483C522088285700EC1853 = {
			isa = PBXGroup;
			children = (
				27483C5D2088285700EC1853 /* Library */,
				27483C722088285800EC1853 /* LibraryTests */,
				278DD172211E1554007B55C5 /* Library for Mac */,
				27483C5C2088285700EC1853 /* Products */,
				F5DF8E592824E6F11344B65A /* Pods */,
				458F303B9006B5C47BD1982D /* Frameworks */,
			);
			sourceTree = "<group>";
		};
		27483C5C2088285700EC1853 /* Products */ = {
			isa = PBXGroup;
			children = (
				27483C5B2088285700EC1853 /* Library.app */,
				27483C6F2088285800EC1853 /* LibraryTests.xctest */,
				278DD171211E1554007B55C5 /* Library for Mac.app */,
			);
			name = Products;
			sourceTree = "<group>";
		};
		27483C5D2088285700EC1853 /* Library */ = {
			isa = PBXGroup;
			children = (
				27483C5E2088285700EC1853 /* AppDelegate.swift */,
				27B47CF0208918C000787334 /* BooksViewController.swift */,
				27B47CF4208918D900787334 /* BookDetailViewController.swift */,
				27B47CF2208918CD00787334 /* BookEditorViewController.swift */,
				27483C622088285700EC1853 /* Main.storyboard */,
				27483C672088285800EC1853 /* LaunchScreen.storyboard */,
				27483C6A2088285800EC1853 /* Info.plist */,
				2732B822208AB5C2009576E3 /* Utilities */,
				2732B834208ABE14009576E3 /* Resources */,
			);
			path = Library;
			sourceTree = "<group>";
		};
		27483C722088285800EC1853 /* LibraryTests */ = {
			isa = PBXGroup;
			children = (
				27483C732088285800EC1853 /* LibraryClientTests.swift */,
				2732B80420895145009576E3 /* BookTests.swift */,
				27483C752088285900EC1853 /* Info.plist */,
			);
			path = LibraryTests;
			sourceTree = "<group>";
		};
		278DD172211E1554007B55C5 /* Library for Mac */ = {
			isa = PBXGroup;
			children = (
				278DD181211E155F007B55C5 /* Library for Mac.entitlements */,
				278DD173211E1554007B55C5 /* AppDelegate.swift */,
				278DD175211E1554007B55C5 /* ViewController.swift */,
				278DD177211E1556007B55C5 /* Assets.xcassets */,
				278DD179211E1556007B55C5 /* Main.storyboard */,
				278DD17C211E1556007B55C5 /* Info.plist */,
				278DD17D211E1556007B55C5 /* Library_for_Mac.entitlements */,
			);
			path = "Library for Mac";
			sourceTree = "<group>";
		};
		458F303B9006B5C47BD1982D /* Frameworks */ = {
			isa = PBXGroup;
			children = (
				9D3D40C3B1A855E73C7C66D7 /* Pods_Library.framework */,
				2B35AC1DFB330E85CB806C59 /* Pods_LibraryTests.framework */,
				F7A0292E89F3B7EAC2E268B1 /* libPods-Library for Mac.a */,
			);
			name = Frameworks;
			sourceTree = "<group>";
		};
		F5DF8E592824E6F11344B65A /* Pods */ = {
			isa = PBXGroup;
			children = (
				8CA170B5D21FC15B691590E3 /* Pods-Library.debug.xcconfig */,
				117B39D1B8FF681F7CD5492E /* Pods-Library.release.xcconfig */,
				86F343638EFF51151E19904E /* Pods-LibraryTests.debug.xcconfig */,
				B9D0CFC4EBE35F0AC80999EA /* Pods-LibraryTests.release.xcconfig */,
				F35BC6F7DAEAFB42C36D431A /* Pods-Library for Mac.debug.xcconfig */,
				075F1F6F3115FE1205163D8A /* Pods-Library for Mac.release.xcconfig */,
			);
			name = Pods;
			sourceTree = "<group>";
		};
/* End PBXGroup section */

/* Begin PBXNativeTarget section */
		27483C5A2088285700EC1853 /* Library */ = {
			isa = PBXNativeTarget;
			buildConfigurationList = 27483C782088285900EC1853 /* Build configuration list for PBXNativeTarget "Library" */;
			buildPhases = (
				5D934D489CCB49AD8D86C485 /* [CP] Check Pods Manifest.lock */,
				276EBAD8211D2462007581EC /* ShellScript */,
				27483C572088285700EC1853 /* Sources */,
				27483C582088285700EC1853 /* Frameworks */,
				27483C592088285700EC1853 /* Resources */,
				FB12FA1F96BDEC40A3EC09AA /* [CP] Embed Pods Frameworks */,
			);
			buildRules = (
			);
			dependencies = (
			);
			name = Library;
			productName = Library;
			productReference = 27483C5B2088285700EC1853 /* Library.app */;
			productType = "com.apple.product-type.application";
		};
		27483C6E2088285800EC1853 /* LibraryTests */ = {
			isa = PBXNativeTarget;
			buildConfigurationList = 27483C7B2088285900EC1853 /* Build configuration list for PBXNativeTarget "LibraryTests" */;
			buildPhases = (
				DCA85CB0CD1644C387193C51 /* [CP] Check Pods Manifest.lock */,
				27483C6B2088285800EC1853 /* Sources */,
				27483C6C2088285800EC1853 /* Frameworks */,
				27483C6D2088285800EC1853 /* Resources */,
			);
			buildRules = (
			);
			dependencies = (
				27483C712088285800EC1853 /* PBXTargetDependency */,
			);
			name = LibraryTests;
			productName = LibraryTests;
			productReference = 27483C6F2088285800EC1853 /* LibraryTests.xctest */;
			productType = "com.apple.product-type.bundle.unit-test";
		};
		278DD170211E1554007B55C5 /* Library for Mac */ = {
			isa = PBXNativeTarget;
			buildConfigurationList = 278DD17E211E1556007B55C5 /* Build configuration list for PBXNativeTarget "Library for Mac" */;
			buildPhases = (
				71C83AB95812B15316781ECA /* [CP] Check Pods Manifest.lock */,
				278DD16D211E1554007B55C5 /* Sources */,
				278DD16E211E1554007B55C5 /* Frameworks */,
				278DD16F211E1554007B55C5 /* Resources */,
				3EBEA5AE4629A33184E60BB2 /* [CP] Copy Pods Resources */,
			);
			buildRules = (
			);
			dependencies = (
			);
			name = "Library for Mac";
			productName = "Library for Mac";
			productReference = 278DD171211E1554007B55C5 /* Library for Mac.app */;
			productType = "com.apple.product-type.application";
		};
/* End PBXNativeTarget section */

/* Begin PBXProject section */
		27483C532088285700EC1853 /* Project object */ = {
			isa = PBXProject;
			attributes = {
				LastSwiftUpdateCheck = 0940;
				LastUpgradeCheck = 0930;
				ORGANIZATIONNAME = PLJNS;
				TargetAttributes = {
					27483C5A2088285700EC1853 = {
						CreatedOnToolsVersion = 9.3;
					};
					27483C6E2088285800EC1853 = {
						CreatedOnToolsVersion = 9.3;
						TestTargetID = 27483C5A2088285700EC1853;
					};
					278DD170211E1554007B55C5 = {
						CreatedOnToolsVersion = 9.4.1;
						SystemCapabilities = {
							com.apple.Sandbox = {
								enabled = 1;
							};
						};
					};
				};
			};
			buildConfigurationList = 27483C562088285700EC1853 /* Build configuration list for PBXProject "Library" */;
			compatibilityVersion = "Xcode 9.3";
			developmentRegion = en;
			hasScannedForEncodings = 0;
			knownRegions = (
				en,
				Base,
				fr,
			);
			mainGroup = 27483C522088285700EC1853;
			productRefGroup = 27483C5C2088285700EC1853 /* Products */;
			projectDirPath = "";
			projectRoot = "";
			targets = (
				27483C5A2088285700EC1853 /* Library */,
				27483C6E2088285800EC1853 /* LibraryTests */,
				278DD170211E1554007B55C5 /* Library for Mac */,
			);
		};
/* End PBXProject section */

/* Begin PBXResourcesBuildPhase section */
		27483C592088285700EC1853 /* Resources */ = {
			isa = PBXResourcesBuildPhase;
			buildActionMask = 2147483647;
			files = (
				2732B80F208A6246009576E3 /* Settings.bundle in Resources */,
				2732B830208ABD09009576E3 /* InfoPlist.strings in Resources */,
				27483C692088285800EC1853 /* LaunchScreen.storyboard in Resources */,
				27483C662088285800EC1853 /* Assets.xcassets in Resources */,
				27483C642088285700EC1853 /* Main.storyboard in Resources */,
			);
			runOnlyForDeploymentPostprocessing = 0;
		};
		27483C6D2088285800EC1853 /* Resources */ = {
			isa = PBXResourcesBuildPhase;
			buildActionMask = 2147483647;
			files = (
			);
			runOnlyForDeploymentPostprocessing = 0;
		};
		278DD16F211E1554007B55C5 /* Resources */ = {
			isa = PBXResourcesBuildPhase;
			buildActionMask = 2147483647;
			files = (
				278DD178211E1556007B55C5 /* Assets.xcassets in Resources */,
				278DD17B211E1556007B55C5 /* Main.storyboard in Resources */,
			);
			runOnlyForDeploymentPostprocessing = 0;
		};
/* End PBXResourcesBuildPhase section */

/* Begin PBXShellScriptBuildPhase section */
		276EBAD8211D2462007581EC /* ShellScript */ = {
			isa = PBXShellScriptBuildPhase;
			buildActionMask = 2147483647;
			files = (
			);
			inputPaths = (
			);
			outputPaths = (
			);
			runOnlyForDeploymentPostprocessing = 0;
			shellPath = /bin/sh;
			shellScript = "\"$PODS_ROOT/SwiftGen/bin/swiftgen\" config run --config LibraryDevelopmentPods/LibraryResources/Sources/config.yml";
		};
		3EBEA5AE4629A33184E60BB2 /* [CP] Copy Pods Resources */ = {
			isa = PBXShellScriptBuildPhase;
			buildActionMask = 2147483647;
			files = (
			);
			inputPaths = (
				"${SRCROOT}/Pods/Target Support Files/Pods-Library for Mac/Pods-Library for Mac-resources.sh",
				"${PODS_ROOT}/../LibraryDevelopmentPods/LibraryResources/Resources/Fonts/SourceCodePro-Black.ttf",
				"${PODS_ROOT}/../LibraryDevelopmentPods/LibraryResources/Resources/Fonts/SourceCodePro-Bold.ttf",
				"${PODS_ROOT}/../LibraryDevelopmentPods/LibraryResources/Resources/Fonts/SourceCodePro-ExtraLight.ttf",
				"${PODS_ROOT}/../LibraryDevelopmentPods/LibraryResources/Resources/Fonts/SourceCodePro-Light.ttf",
				"${PODS_ROOT}/../LibraryDevelopmentPods/LibraryResources/Resources/Fonts/SourceCodePro-Medium.ttf",
				"${PODS_ROOT}/../LibraryDevelopmentPods/LibraryResources/Resources/Fonts/SourceCodePro-Regular.ttf",
				"${PODS_ROOT}/../LibraryDevelopmentPods/LibraryResources/Resources/Fonts/SourceCodePro-Semibold.ttf",
				"${PODS_ROOT}/../LibraryDevelopmentPods/LibraryResources/Resources/Fonts/SourceSansPro-Black.ttf",
				"${PODS_ROOT}/../LibraryDevelopmentPods/LibraryResources/Resources/Fonts/SourceSansPro-BlackItalic.ttf",
				"${PODS_ROOT}/../LibraryDevelopmentPods/LibraryResources/Resources/Fonts/SourceSansPro-Bold.ttf",
				"${PODS_ROOT}/../LibraryDevelopmentPods/LibraryResources/Resources/Fonts/SourceSansPro-BoldItalic.ttf",
				"${PODS_ROOT}/../LibraryDevelopmentPods/LibraryResources/Resources/Fonts/SourceSansPro-ExtraLight.ttf",
				"${PODS_ROOT}/../LibraryDevelopmentPods/LibraryResources/Resources/Fonts/SourceSansPro-ExtraLightItalic.ttf",
				"${PODS_ROOT}/../LibraryDevelopmentPods/LibraryResources/Resources/Fonts/SourceSansPro-Italic.ttf",
				"${PODS_ROOT}/../LibraryDevelopmentPods/LibraryResources/Resources/Fonts/SourceSansPro-Light.ttf",
				"${PODS_ROOT}/../LibraryDevelopmentPods/LibraryResources/Resources/Fonts/SourceSansPro-LightItalic.ttf",
				"${PODS_ROOT}/../LibraryDevelopmentPods/LibraryResources/Resources/Fonts/SourceSansPro-Regular.ttf",
				"${PODS_ROOT}/../LibraryDevelopmentPods/LibraryResources/Resources/Fonts/SourceSansPro-SemiBold.ttf",
				"${PODS_ROOT}/../LibraryDevelopmentPods/LibraryResources/Resources/Fonts/SourceSansPro-SemiBoldItalic.ttf",
				"${PODS_ROOT}/../LibraryDevelopmentPods/LibraryResources/Resources/Fonts/SourceSerifPro-Bold.ttf",
				"${PODS_ROOT}/../LibraryDevelopmentPods/LibraryResources/Resources/Fonts/SourceSerifPro-Regular.ttf",
				"${PODS_ROOT}/../LibraryDevelopmentPods/LibraryResources/Resources/Fonts/SourceSerifPro-Semibold.ttf",
				"${PODS_ROOT}/../LibraryDevelopmentPods/LibraryResources/Resources/Images.xcassets",
				"${PODS_ROOT}/../LibraryDevelopmentPods/LibraryResources/Resources/Strings/en.lproj",
				"${PODS_ROOT}/../LibraryDevelopmentPods/LibraryResources/Resources/Strings/fr.lproj",
				"${PODS_ROOT}/../LibraryDevelopmentPods/LibraryResources/Resources/Colors.json",
			);
			name = "[CP] Copy Pods Resources";
			outputPaths = (
				"${TARGET_BUILD_DIR}/${UNLOCALIZED_RESOURCES_FOLDER_PATH}/SourceCodePro-Black.ttf",
				"${TARGET_BUILD_DIR}/${UNLOCALIZED_RESOURCES_FOLDER_PATH}/SourceCodePro-Bold.ttf",
				"${TARGET_BUILD_DIR}/${UNLOCALIZED_RESOURCES_FOLDER_PATH}/SourceCodePro-ExtraLight.ttf",
				"${TARGET_BUILD_DIR}/${UNLOCALIZED_RESOURCES_FOLDER_PATH}/SourceCodePro-Light.ttf",
				"${TARGET_BUILD_DIR}/${UNLOCALIZED_RESOURCES_FOLDER_PATH}/SourceCodePro-Medium.ttf",
				"${TARGET_BUILD_DIR}/${UNLOCALIZED_RESOURCES_FOLDER_PATH}/SourceCodePro-Regular.ttf",
				"${TARGET_BUILD_DIR}/${UNLOCALIZED_RESOURCES_FOLDER_PATH}/SourceCodePro-Semibold.ttf",
				"${TARGET_BUILD_DIR}/${UNLOCALIZED_RESOURCES_FOLDER_PATH}/SourceSansPro-Black.ttf",
				"${TARGET_BUILD_DIR}/${UNLOCALIZED_RESOURCES_FOLDER_PATH}/SourceSansPro-BlackItalic.ttf",
				"${TARGET_BUILD_DIR}/${UNLOCALIZED_RESOURCES_FOLDER_PATH}/SourceSansPro-Bold.ttf",
				"${TARGET_BUILD_DIR}/${UNLOCALIZED_RESOURCES_FOLDER_PATH}/SourceSansPro-BoldItalic.ttf",
				"${TARGET_BUILD_DIR}/${UNLOCALIZED_RESOURCES_FOLDER_PATH}/SourceSansPro-ExtraLight.ttf",
				"${TARGET_BUILD_DIR}/${UNLOCALIZED_RESOURCES_FOLDER_PATH}/SourceSansPro-ExtraLightItalic.ttf",
				"${TARGET_BUILD_DIR}/${UNLOCALIZED_RESOURCES_FOLDER_PATH}/SourceSansPro-Italic.ttf",
				"${TARGET_BUILD_DIR}/${UNLOCALIZED_RESOURCES_FOLDER_PATH}/SourceSansPro-Light.ttf",
				"${TARGET_BUILD_DIR}/${UNLOCALIZED_RESOURCES_FOLDER_PATH}/SourceSansPro-LightItalic.ttf",
				"${TARGET_BUILD_DIR}/${UNLOCALIZED_RESOURCES_FOLDER_PATH}/SourceSansPro-Regular.ttf",
				"${TARGET_BUILD_DIR}/${UNLOCALIZED_RESOURCES_FOLDER_PATH}/SourceSansPro-SemiBold.ttf",
				"${TARGET_BUILD_DIR}/${UNLOCALIZED_RESOURCES_FOLDER_PATH}/SourceSansPro-SemiBoldItalic.ttf",
				"${TARGET_BUILD_DIR}/${UNLOCALIZED_RESOURCES_FOLDER_PATH}/SourceSerifPro-Bold.ttf",
				"${TARGET_BUILD_DIR}/${UNLOCALIZED_RESOURCES_FOLDER_PATH}/SourceSerifPro-Regular.ttf",
				"${TARGET_BUILD_DIR}/${UNLOCALIZED_RESOURCES_FOLDER_PATH}/SourceSerifPro-Semibold.ttf",
				"${TARGET_BUILD_DIR}/${UNLOCALIZED_RESOURCES_FOLDER_PATH}/Assets.car",
				"${TARGET_BUILD_DIR}/${UNLOCALIZED_RESOURCES_FOLDER_PATH}/en.lproj",
				"${TARGET_BUILD_DIR}/${UNLOCALIZED_RESOURCES_FOLDER_PATH}/fr.lproj",
				"${TARGET_BUILD_DIR}/${UNLOCALIZED_RESOURCES_FOLDER_PATH}/Colors.json",
			);
			runOnlyForDeploymentPostprocessing = 0;
			shellPath = /bin/sh;
			shellScript = "\"${SRCROOT}/Pods/Target Support Files/Pods-Library for Mac/Pods-Library for Mac-resources.sh\"\n";
			showEnvVarsInLog = 0;
		};
		5D934D489CCB49AD8D86C485 /* [CP] Check Pods Manifest.lock */ = {
			isa = PBXShellScriptBuildPhase;
			buildActionMask = 2147483647;
			files = (
			);
			inputPaths = (
				"${PODS_PODFILE_DIR_PATH}/Podfile.lock",
				"${PODS_ROOT}/Manifest.lock",
			);
			name = "[CP] Check Pods Manifest.lock";
			outputPaths = (
				"$(DERIVED_FILE_DIR)/Pods-Library-checkManifestLockResult.txt",
			);
			runOnlyForDeploymentPostprocessing = 0;
			shellPath = /bin/sh;
			shellScript = "diff \"${PODS_PODFILE_DIR_PATH}/Podfile.lock\" \"${PODS_ROOT}/Manifest.lock\" > /dev/null\nif [ $? != 0 ] ; then\n    # print error to STDERR\n    echo \"error: The sandbox is not in sync with the Podfile.lock. Run 'pod install' or update your CocoaPods installation.\" >&2\n    exit 1\nfi\n# This output is used by Xcode 'outputs' to avoid re-running this script phase.\necho \"SUCCESS\" > \"${SCRIPT_OUTPUT_FILE_0}\"\n";
			showEnvVarsInLog = 0;
		};
		71C83AB95812B15316781ECA /* [CP] Check Pods Manifest.lock */ = {
			isa = PBXShellScriptBuildPhase;
			buildActionMask = 2147483647;
			files = (
			);
			inputPaths = (
				"${PODS_PODFILE_DIR_PATH}/Podfile.lock",
				"${PODS_ROOT}/Manifest.lock",
			);
			name = "[CP] Check Pods Manifest.lock";
			outputPaths = (
				"$(DERIVED_FILE_DIR)/Pods-Library for Mac-checkManifestLockResult.txt",
			);
			runOnlyForDeploymentPostprocessing = 0;
			shellPath = /bin/sh;
			shellScript = "diff \"${PODS_PODFILE_DIR_PATH}/Podfile.lock\" \"${PODS_ROOT}/Manifest.lock\" > /dev/null\nif [ $? != 0 ] ; then\n    # print error to STDERR\n    echo \"error: The sandbox is not in sync with the Podfile.lock. Run 'pod install' or update your CocoaPods installation.\" >&2\n    exit 1\nfi\n# This output is used by Xcode 'outputs' to avoid re-running this script phase.\necho \"SUCCESS\" > \"${SCRIPT_OUTPUT_FILE_0}\"\n";
			showEnvVarsInLog = 0;
		};
		DCA85CB0CD1644C387193C51 /* [CP] Check Pods Manifest.lock */ = {
			isa = PBXShellScriptBuildPhase;
			buildActionMask = 2147483647;
			files = (
			);
			inputPaths = (
				"${PODS_PODFILE_DIR_PATH}/Podfile.lock",
				"${PODS_ROOT}/Manifest.lock",
			);
			name = "[CP] Check Pods Manifest.lock";
			outputPaths = (
				"$(DERIVED_FILE_DIR)/Pods-LibraryTests-checkManifestLockResult.txt",
			);
			runOnlyForDeploymentPostprocessing = 0;
			shellPath = /bin/sh;
			shellScript = "diff \"${PODS_PODFILE_DIR_PATH}/Podfile.lock\" \"${PODS_ROOT}/Manifest.lock\" > /dev/null\nif [ $? != 0 ] ; then\n    # print error to STDERR\n    echo \"error: The sandbox is not in sync with the Podfile.lock. Run 'pod install' or update your CocoaPods installation.\" >&2\n    exit 1\nfi\n# This output is used by Xcode 'outputs' to avoid re-running this script phase.\necho \"SUCCESS\" > \"${SCRIPT_OUTPUT_FILE_0}\"\n";
			showEnvVarsInLog = 0;
		};
		FB12FA1F96BDEC40A3EC09AA /* [CP] Embed Pods Frameworks */ = {
			isa = PBXShellScriptBuildPhase;
			buildActionMask = 2147483647;
			files = (
			);
			inputPaths = (
				"${SRCROOT}/Pods/Target Support Files/Pods-Library/Pods-Library-frameworks.sh",
				"${BUILT_PRODUCTS_DIR}/CodableClient-framework/CodableClient.framework",
				"${BUILT_PRODUCTS_DIR}/EasyLoader/EasyLoader.framework",
				"${BUILT_PRODUCTS_DIR}/LibraryDebug/LibraryDebug.framework",
				"${BUILT_PRODUCTS_DIR}/LibraryModel-framework/LibraryModel.framework",
				"${BUILT_PRODUCTS_DIR}/LibraryResources-framework/LibraryResources.framework",
				"${BUILT_PRODUCTS_DIR}/LibraryService-framework/LibraryService.framework",
				"${BUILT_PRODUCTS_DIR}/LibrarySwiftExtensions-framework/LibrarySwiftExtensions.framework",
				"${BUILT_PRODUCTS_DIR}/LibraryTheme/LibraryTheme.framework",
				"${BUILT_PRODUCTS_DIR}/LibraryUIKitExtensions/LibraryUIKitExtensions.framework",
			);
			name = "[CP] Embed Pods Frameworks";
			outputPaths = (
				"${TARGET_BUILD_DIR}/${FRAMEWORKS_FOLDER_PATH}/CodableClient.framework",
				"${TARGET_BUILD_DIR}/${FRAMEWORKS_FOLDER_PATH}/EasyLoader.framework",
				"${TARGET_BUILD_DIR}/${FRAMEWORKS_FOLDER_PATH}/LibraryDebug.framework",
				"${TARGET_BUILD_DIR}/${FRAMEWORKS_FOLDER_PATH}/LibraryModel.framework",
				"${TARGET_BUILD_DIR}/${FRAMEWORKS_FOLDER_PATH}/LibraryResources.framework",
				"${TARGET_BUILD_DIR}/${FRAMEWORKS_FOLDER_PATH}/LibraryService.framework",
				"${TARGET_BUILD_DIR}/${FRAMEWORKS_FOLDER_PATH}/LibrarySwiftExtensions.framework",
				"${TARGET_BUILD_DIR}/${FRAMEWORKS_FOLDER_PATH}/LibraryTheme.framework",
				"${TARGET_BUILD_DIR}/${FRAMEWORKS_FOLDER_PATH}/LibraryUIKitExtensions.framework",
			);
			runOnlyForDeploymentPostprocessing = 0;
			shellPath = /bin/sh;
			shellScript = "\"${SRCROOT}/Pods/Target Support Files/Pods-Library/Pods-Library-frameworks.sh\"\n";
			showEnvVarsInLog = 0;
		};
/* End PBXShellScriptBuildPhase section */

/* Begin PBXSourcesBuildPhase section */
		27483C572088285700EC1853 /* Sources */ = {
			isa = PBXSourcesBuildPhase;
			buildActionMask = 2147483647;
			files = (
				27B47CF3208918CD00787334 /* BookEditorViewController.swift in Sources */,
				27B47D0020894B6C00787334 /* PrimarySplitViewController.swift in Sources */,
				27483C5F2088285700EC1853 /* AppDelegate.swift in Sources */,
				2732B811208A628E009576E3 /* UserDefaultsExtensions.swift in Sources */,
				27B47CF1208918C000787334 /* BooksViewController.swift in Sources */,
				27B47CF5208918D900787334 /* BookDetailViewController.swift in Sources */,
			);
			runOnlyForDeploymentPostprocessing = 0;
		};
		27483C6B2088285800EC1853 /* Sources */ = {
			isa = PBXSourcesBuildPhase;
			buildActionMask = 2147483647;
			files = (
				2732B80520895145009576E3 /* BookTests.swift in Sources */,
				27483C742088285800EC1853 /* LibraryClientTests.swift in Sources */,
			);
			runOnlyForDeploymentPostprocessing = 0;
		};
		278DD16D211E1554007B55C5 /* Sources */ = {
			isa = PBXSourcesBuildPhase;
			buildActionMask = 2147483647;
			files = (
				278DD176211E1554007B55C5 /* ViewController.swift in Sources */,
				278DD174211E1554007B55C5 /* AppDelegate.swift in Sources */,
			);
			runOnlyForDeploymentPostprocessing = 0;
		};
/* End PBXSourcesBuildPhase section */

/* Begin PBXTargetDependency section */
		27483C712088285800EC1853 /* PBXTargetDependency */ = {
			isa = PBXTargetDependency;
			target = 27483C5A2088285700EC1853 /* Library */;
			targetProxy = 27483C702088285800EC1853 /* PBXContainerItemProxy */;
		};
/* End PBXTargetDependency section */

/* Begin PBXVariantGroup section */
		2732B82E208ABD09009576E3 /* InfoPlist.strings */ = {
			isa = PBXVariantGroup;
			children = (
				2732B82F208ABD09009576E3 /* fr */,
			);
			name = InfoPlist.strings;
			sourceTree = "<group>";
		};
		27483C622088285700EC1853 /* Main.storyboard */ = {
			isa = PBXVariantGroup;
			children = (
				27483C632088285700EC1853 /* Base */,
				2732B825208AB82C009576E3 /* fr */,
			);
			name = Main.storyboard;
			sourceTree = "<group>";
		};
		27483C672088285800EC1853 /* LaunchScreen.storyboard */ = {
			isa = PBXVariantGroup;
			children = (
				27483C682088285800EC1853 /* Base */,
				2732B826208AB82C009576E3 /* fr */,
			);
			name = LaunchScreen.storyboard;
			sourceTree = "<group>";
		};
		278DD179211E1556007B55C5 /* Main.storyboard */ = {
			isa = PBXVariantGroup;
			children = (
				278DD17A211E1556007B55C5 /* Base */,
			);
			name = Main.storyboard;
			sourceTree = "<group>";
		};
/* End PBXVariantGroup section */

/* Begin XCBuildConfiguration section */
		27483C762088285900EC1853 /* Debug */ = {
			isa = XCBuildConfiguration;
			buildSettings = {
				ALWAYS_SEARCH_USER_PATHS = NO;
				CLANG_ANALYZER_LOCALIZABILITY_NONLOCALIZED = YES;
				CLANG_ANALYZER_NONNULL = YES;
				CLANG_ANALYZER_NUMBER_OBJECT_CONVERSION = YES_AGGRESSIVE;
				CLANG_CXX_LANGUAGE_STANDARD = "gnu++14";
				CLANG_CXX_LIBRARY = "libc++";
				CLANG_ENABLE_MODULES = YES;
				CLANG_ENABLE_OBJC_ARC = YES;
				CLANG_ENABLE_OBJC_WEAK = YES;
				CLANG_WARN_BLOCK_CAPTURE_AUTORELEASING = YES;
				CLANG_WARN_BOOL_CONVERSION = YES;
				CLANG_WARN_COMMA = YES;
				CLANG_WARN_CONSTANT_CONVERSION = YES;
				CLANG_WARN_DEPRECATED_OBJC_IMPLEMENTATIONS = YES;
				CLANG_WARN_DIRECT_OBJC_ISA_USAGE = YES_ERROR;
				CLANG_WARN_DOCUMENTATION_COMMENTS = YES;
				CLANG_WARN_EMPTY_BODY = YES;
				CLANG_WARN_ENUM_CONVERSION = YES;
				CLANG_WARN_INFINITE_RECURSION = YES;
				CLANG_WARN_INT_CONVERSION = YES;
				CLANG_WARN_NON_LITERAL_NULL_CONVERSION = YES;
				CLANG_WARN_OBJC_IMPLICIT_RETAIN_SELF = YES;
				CLANG_WARN_OBJC_LITERAL_CONVERSION = YES;
				CLANG_WARN_OBJC_ROOT_CLASS = YES_ERROR;
				CLANG_WARN_RANGE_LOOP_ANALYSIS = YES;
				CLANG_WARN_STRICT_PROTOTYPES = YES;
				CLANG_WARN_SUSPICIOUS_MOVE = YES;
				CLANG_WARN_UNGUARDED_AVAILABILITY = YES_AGGRESSIVE;
				CLANG_WARN_UNREACHABLE_CODE = YES;
				CLANG_WARN__DUPLICATE_METHOD_MATCH = YES;
				CODE_SIGN_IDENTITY = "iPhone Developer";
				COPY_PHASE_STRIP = NO;
				DEBUG_INFORMATION_FORMAT = dwarf;
				ENABLE_STRICT_OBJC_MSGSEND = YES;
				ENABLE_TESTABILITY = YES;
				GCC_C_LANGUAGE_STANDARD = gnu11;
				GCC_DYNAMIC_NO_PIC = NO;
				GCC_NO_COMMON_BLOCKS = YES;
				GCC_OPTIMIZATION_LEVEL = 0;
				GCC_PREPROCESSOR_DEFINITIONS = (
					"DEBUG=1",
					"$(inherited)",
				);
				GCC_WARN_64_TO_32_BIT_CONVERSION = YES;
				GCC_WARN_ABOUT_RETURN_TYPE = YES_ERROR;
				GCC_WARN_UNDECLARED_SELECTOR = YES;
				GCC_WARN_UNINITIALIZED_AUTOS = YES_AGGRESSIVE;
				GCC_WARN_UNUSED_FUNCTION = YES;
				GCC_WARN_UNUSED_VARIABLE = YES;
				IPHONEOS_DEPLOYMENT_TARGET = 10.0;
				MACOSX_DEPLOYMENT_TARGET = 10.9;
				MTL_ENABLE_DEBUG_INFO = YES;
				ONLY_ACTIVE_ARCH = YES;
				SDKROOT = iphoneos;
				SWIFT_ACTIVE_COMPILATION_CONDITIONS = DEBUG;
				SWIFT_OPTIMIZATION_LEVEL = "-Onone";
			};
			name = Debug;
		};
		27483C772088285900EC1853 /* Release */ = {
			isa = XCBuildConfiguration;
			buildSettings = {
				ALWAYS_SEARCH_USER_PATHS = NO;
				CLANG_ANALYZER_LOCALIZABILITY_NONLOCALIZED = YES;
				CLANG_ANALYZER_NONNULL = YES;
				CLANG_ANALYZER_NUMBER_OBJECT_CONVERSION = YES_AGGRESSIVE;
				CLANG_CXX_LANGUAGE_STANDARD = "gnu++14";
				CLANG_CXX_LIBRARY = "libc++";
				CLANG_ENABLE_MODULES = YES;
				CLANG_ENABLE_OBJC_ARC = YES;
				CLANG_ENABLE_OBJC_WEAK = YES;
				CLANG_WARN_BLOCK_CAPTURE_AUTORELEASING = YES;
				CLANG_WARN_BOOL_CONVERSION = YES;
				CLANG_WARN_COMMA = YES;
				CLANG_WARN_CONSTANT_CONVERSION = YES;
				CLANG_WARN_DEPRECATED_OBJC_IMPLEMENTATIONS = YES;
				CLANG_WARN_DIRECT_OBJC_ISA_USAGE = YES_ERROR;
				CLANG_WARN_DOCUMENTATION_COMMENTS = YES;
				CLANG_WARN_EMPTY_BODY = YES;
				CLANG_WARN_ENUM_CONVERSION = YES;
				CLANG_WARN_INFINITE_RECURSION = YES;
				CLANG_WARN_INT_CONVERSION = YES;
				CLANG_WARN_NON_LITERAL_NULL_CONVERSION = YES;
				CLANG_WARN_OBJC_IMPLICIT_RETAIN_SELF = YES;
				CLANG_WARN_OBJC_LITERAL_CONVERSION = YES;
				CLANG_WARN_OBJC_ROOT_CLASS = YES_ERROR;
				CLANG_WARN_RANGE_LOOP_ANALYSIS = YES;
				CLANG_WARN_STRICT_PROTOTYPES = YES;
				CLANG_WARN_SUSPICIOUS_MOVE = YES;
				CLANG_WARN_UNGUARDED_AVAILABILITY = YES_AGGRESSIVE;
				CLANG_WARN_UNREACHABLE_CODE = YES;
				CLANG_WARN__DUPLICATE_METHOD_MATCH = YES;
				CODE_SIGN_IDENTITY = "iPhone Developer";
				COPY_PHASE_STRIP = NO;
				DEBUG_INFORMATION_FORMAT = "dwarf-with-dsym";
				ENABLE_NS_ASSERTIONS = NO;
				ENABLE_STRICT_OBJC_MSGSEND = YES;
				GCC_C_LANGUAGE_STANDARD = gnu11;
				GCC_NO_COMMON_BLOCKS = YES;
				GCC_WARN_64_TO_32_BIT_CONVERSION = YES;
				GCC_WARN_ABOUT_RETURN_TYPE = YES_ERROR;
				GCC_WARN_UNDECLARED_SELECTOR = YES;
				GCC_WARN_UNINITIALIZED_AUTOS = YES_AGGRESSIVE;
				GCC_WARN_UNUSED_FUNCTION = YES;
				GCC_WARN_UNUSED_VARIABLE = YES;
				IPHONEOS_DEPLOYMENT_TARGET = 10.0;
				MACOSX_DEPLOYMENT_TARGET = 10.9;
				MTL_ENABLE_DEBUG_INFO = NO;
				SDKROOT = iphoneos;
				SWIFT_COMPILATION_MODE = wholemodule;
				SWIFT_OPTIMIZATION_LEVEL = "-O";
				VALIDATE_PRODUCT = YES;
			};
			name = Release;
		};
		27483C792088285900EC1853 /* Debug */ = {
			isa = XCBuildConfiguration;
			baseConfigurationReference = 8CA170B5D21FC15B691590E3 /* Pods-Library.debug.xcconfig */;
			buildSettings = {
				ASSETCATALOG_COMPILER_APPICON_NAME = AppIcon;
				CODE_SIGN_STYLE = Automatic;
				DEVELOPMENT_TEAM = QF6RL3879H;
				INFOPLIST_FILE = Library/Info.plist;
				LD_RUNPATH_SEARCH_PATHS = "$(inherited) @executable_path/Frameworks";
				PRODUCT_BUNDLE_IDENTIFIER = com.pljns.Library;
				PRODUCT_NAME = "$(TARGET_NAME)";
				SWIFT_VERSION = 4.0;
				TARGETED_DEVICE_FAMILY = "1,2";
			};
			name = Debug;
		};
		27483C7A2088285900EC1853 /* Release */ = {
			isa = XCBuildConfiguration;
			baseConfigurationReference = 117B39D1B8FF681F7CD5492E /* Pods-Library.release.xcconfig */;
			buildSettings = {
				ASSETCATALOG_COMPILER_APPICON_NAME = AppIcon;
				CODE_SIGN_STYLE = Automatic;
				DEVELOPMENT_TEAM = QF6RL3879H;
				INFOPLIST_FILE = Library/Info.plist;
				LD_RUNPATH_SEARCH_PATHS = "$(inherited) @executable_path/Frameworks";
				PRODUCT_BUNDLE_IDENTIFIER = com.pljns.Library;
				PRODUCT_NAME = "$(TARGET_NAME)";
				SWIFT_VERSION = 4.0;
				TARGETED_DEVICE_FAMILY = "1,2";
			};
			name = Release;
		};
		27483C7C2088285900EC1853 /* Debug */ = {
			isa = XCBuildConfiguration;
			baseConfigurationReference = 86F343638EFF51151E19904E /* Pods-LibraryTests.debug.xcconfig */;
			buildSettings = {
				ALWAYS_EMBED_SWIFT_STANDARD_LIBRARIES = YES;
				BUNDLE_LOADER = "$(TEST_HOST)";
				CODE_SIGN_STYLE = Automatic;
				DEVELOPMENT_TEAM = QF6RL3879H;
				INFOPLIST_FILE = LibraryTests/Info.plist;
				LD_RUNPATH_SEARCH_PATHS = "$(inherited) @executable_path/Frameworks @loader_path/Frameworks";
				PRODUCT_BUNDLE_IDENTIFIER = com.pljns.LibraryTests;
				PRODUCT_NAME = "$(TARGET_NAME)";
				SWIFT_VERSION = 4.0;
				TARGETED_DEVICE_FAMILY = "1,2";
				TEST_HOST = "$(BUILT_PRODUCTS_DIR)/Library.app/Library";
			};
			name = Debug;
		};
		27483C7D2088285900EC1853 /* Release */ = {
			isa = XCBuildConfiguration;
			baseConfigurationReference = B9D0CFC4EBE35F0AC80999EA /* Pods-LibraryTests.release.xcconfig */;
			buildSettings = {
				ALWAYS_EMBED_SWIFT_STANDARD_LIBRARIES = YES;
				BUNDLE_LOADER = "$(TEST_HOST)";
				CODE_SIGN_STYLE = Automatic;
				DEVELOPMENT_TEAM = QF6RL3879H;
				INFOPLIST_FILE = LibraryTests/Info.plist;
				LD_RUNPATH_SEARCH_PATHS = "$(inherited) @executable_path/Frameworks @loader_path/Frameworks";
				PRODUCT_BUNDLE_IDENTIFIER = com.pljns.LibraryTests;
				PRODUCT_NAME = "$(TARGET_NAME)";
				SWIFT_VERSION = 4.0;
				TARGETED_DEVICE_FAMILY = "1,2";
				TEST_HOST = "$(BUILT_PRODUCTS_DIR)/Library.app/Library";
			};
			name = Release;
		};
		278DD17F211E1556007B55C5 /* Debug */ = {
			isa = XCBuildConfiguration;
			baseConfigurationReference = F35BC6F7DAEAFB42C36D431A /* Pods-Library for Mac.debug.xcconfig */;
			buildSettings = {
				ASSETCATALOG_COMPILER_APPICON_NAME = AppIcon;
				CODE_SIGN_ENTITLEMENTS = "Library for Mac/Library for Mac.entitlements";
				CODE_SIGN_IDENTITY = "Mac Developer";
				CODE_SIGN_STYLE = Automatic;
				COMBINE_HIDPI_IMAGES = YES;
				DEVELOPMENT_TEAM = QF6RL3879H;
				INFOPLIST_FILE = "Library for Mac/Info.plist";
				LD_RUNPATH_SEARCH_PATHS = "$(inherited) @executable_path/../Frameworks";
				MACOSX_DEPLOYMENT_TARGET = 10.13;
				PRODUCT_BUNDLE_IDENTIFIER = "com.pljns.Library-for-Mac";
				PRODUCT_NAME = "$(TARGET_NAME)";
				SDKROOT = macosx;
				SWIFT_VERSION = 4.0;
			};
			name = Debug;
		};
		278DD180211E1556007B55C5 /* Release */ = {
			isa = XCBuildConfiguration;
			baseConfigurationReference = 075F1F6F3115FE1205163D8A /* Pods-Library for Mac.release.xcconfig */;
			buildSettings = {
				ASSETCATALOG_COMPILER_APPICON_NAME = AppIcon;
				CODE_SIGN_ENTITLEMENTS = "Library for Mac/Library for Mac.entitlements";
				CODE_SIGN_IDENTITY = "Mac Developer";
				CODE_SIGN_STYLE = Automatic;
				COMBINE_HIDPI_IMAGES = YES;
				DEVELOPMENT_TEAM = QF6RL3879H;
				INFOPLIST_FILE = "Library for Mac/Info.plist";
				LD_RUNPATH_SEARCH_PATHS = "$(inherited) @executable_path/../Frameworks";
				MACOSX_DEPLOYMENT_TARGET = 10.13;
				PRODUCT_BUNDLE_IDENTIFIER = "com.pljns.Library-for-Mac";
				PRODUCT_NAME = "$(TARGET_NAME)";
				SDKROOT = macosx;
				SWIFT_VERSION = 4.0;
			};
			name = Release;
		};
/* End XCBuildConfiguration section */

/* Begin XCConfigurationList section */
		27483C562088285700EC1853 /* Build configuration list for PBXProject "Library" */ = {
			isa = XCConfigurationList;
			buildConfigurations = (
				27483C762088285900EC1853 /* Debug */,
				27483C772088285900EC1853 /* Release */,
			);
			defaultConfigurationIsVisible = 0;
			defaultConfigurationName = Release;
		};
		27483C782088285900EC1853 /* Build configuration list for PBXNativeTarget "Library" */ = {
			isa = XCConfigurationList;
			buildConfigurations = (
				27483C792088285900EC1853 /* Debug */,
				27483C7A2088285900EC1853 /* Release */,
			);
			defaultConfigurationIsVisible = 0;
			defaultConfigurationName = Release;
		};
		27483C7B2088285900EC1853 /* Build configuration list for PBXNativeTarget "LibraryTests" */ = {
			isa = XCConfigurationList;
			buildConfigurations = (
				27483C7C2088285900EC1853 /* Debug */,
				27483C7D2088285900EC1853 /* Release */,
			);
			defaultConfigurationIsVisible = 0;
			defaultConfigurationName = Release;
		};
		278DD17E211E1556007B55C5 /* Build configuration list for PBXNativeTarget "Library for Mac" */ = {
			isa = XCConfigurationList;
			buildConfigurations = (
				278DD17F211E1556007B55C5 /* Debug */,
				278DD180211E1556007B55C5 /* Release */,
			);
			defaultConfigurationIsVisible = 0;
			defaultConfigurationName = Release;
		};
/* End XCConfigurationList section */
	};
	rootObject = 27483C532088285700EC1853 /* Project object */;
}
